
Microsoft Visual Studio Solution File, Format Version 12.00
# Visual Studio 15
VisualStudioVersion = 15.0.26124.0
MinimumVisualStudioVersion = 15.0.26124.0
Project("{FAE04EC0-301F-11D3-BF4B-00C04F79EFBC}") = "API", "API\API.csproj", "{0E1FA277-E2E1-43FD-A7EF-CF9A71ABE626}"
EndProject
Project("{FAE04EC0-301F-11D3-BF4B-00C04F79EFBC}") = "Core", "Core\Core.csproj", "{33B5D082-0254-41AD-8AE1-FDFB59FF7348}"
EndProject
Project("{FAE04EC0-301F-11D3-BF4B-00C04F79EFBC}") = "Infrastructure", "Infrastructure\Infrastructure.csproj", "{9772E736-2FEB-4090-B21E-6716E82E8BD2}"
EndProject
Global
	GlobalSection(SolutionConfigurationPlatforms) = preSolution
		Debug|Any CPU = Debug|Any CPU
		Debug|x64 = Debug|x64
		Debug|x86 = Debug|x86
		Release|Any CPU = Release|Any CPU
		Release|x64 = Release|x64
		Release|x86 = Release|x86
	EndGlobalSection
	GlobalSection(SolutionProperties) = preSolution
		HideSolutionNode = FALSE
	EndGlobalSection
	GlobalSection(ProjectConfigurationPlatforms) = postSolution
		{0E1FA277-E2E1-43FD-A7EF-CF9A71ABE626}.Debug|Any CPU.ActiveCfg = Debug|Any CPU
		{0E1FA277-E2E1-43FD-A7EF-CF9A71ABE626}.Debug|Any CPU.Build.0 = Debug|Any CPU
		{0E1FA277-E2E1-43FD-A7EF-CF9A71ABE626}.Debug|x64.ActiveCfg = Debug|Any CPU
		{0E1FA277-E2E1-43FD-A7EF-CF9A71ABE626}.Debug|x64.Build.0 = Debug|Any CPU
		{0E1FA277-E2E1-43FD-A7EF-CF9A71ABE626}.Debug|x86.ActiveCfg = Debug|Any CPU
		{0E1FA277-E2E1-43FD-A7EF-CF9A71ABE626}.Debug|x86.Build.0 = Debug|Any CPU
		{0E1FA277-E2E1-43FD-A7EF-CF9A71ABE626}.Release|Any CPU.ActiveCfg = Release|Any CPU
		{0E1FA277-E2E1-43FD-A7EF-CF9A71ABE626}.Release|Any CPU.Build.0 = Release|Any CPU
		{0E1FA277-E2E1-43FD-A7EF-CF9A71ABE626}.Release|x64.ActiveCfg = Release|Any CPU
		{0E1FA277-E2E1-43FD-A7EF-CF9A71ABE626}.Release|x64.Build.0 = Release|Any CPU
		{0E1FA277-E2E1-43FD-A7EF-CF9A71ABE626}.Release|x86.ActiveCfg = Release|Any CPU
		{0E1FA277-E2E1-43FD-A7EF-CF9A71ABE626}.Release|x86.Build.0 = Release|Any CPU
		{33B5D082-0254-41AD-8AE1-FDFB59FF7348}.Debug|Any CPU.ActiveCfg = Debug|Any CPU
		{33B5D082-0254-41AD-8AE1-FDFB59FF7348}.Debug|Any CPU.Build.0 = Debug|Any CPU
		{33B5D082-0254-41AD-8AE1-FDFB59FF7348}.Debug|x64.ActiveCfg = Debug|Any CPU
		{33B5D082-0254-41AD-8AE1-FDFB59FF7348}.Debug|x64.Build.0 = Debug|Any CPU
		{33B5D082-0254-41AD-8AE1-FDFB59FF7348}.Debug|x86.ActiveCfg = Debug|Any CPU
		{33B5D082-0254-41AD-8AE1-FDFB59FF7348}.Debug|x86.Build.0 = Debug|Any CPU
		{33B5D082-0254-41AD-8AE1-FDFB59FF7348}.Release|Any CPU.ActiveCfg = Release|Any CPU
		{33B5D082-0254-41AD-8AE1-FDFB59FF7348}.Release|Any CPU.Build.0 = Release|Any CPU
		{33B5D082-0254-41AD-8AE1-FDFB59FF7348}.Release|x64.ActiveCfg = Release|Any CPU
		{33B5D082-0254-41AD-8AE1-FDFB59FF7348}.Release|x64.Build.0 = Release|Any CPU
		{33B5D082-0254-41AD-8AE1-FDFB59FF7348}.Release|x86.ActiveCfg = Release|Any CPU
		{33B5D082-0254-41AD-8AE1-FDFB59FF7348}.Release|x86.Build.0 = Release|Any CPU
		{9772E736-2FEB-4090-B21E-6716E82E8BD2}.Debug|Any CPU.ActiveCfg = Debug|Any CPU
		{9772E736-2FEB-4090-B21E-6716E82E8BD2}.Debug|Any CPU.Build.0 = Debug|Any CPU
		{9772E736-2FEB-4090-B21E-6716E82E8BD2}.Debug|x64.ActiveCfg = Debug|Any CPU
		{9772E736-2FEB-4090-B21E-6716E82E8BD2}.Debug|x64.Build.0 = Debug|Any CPU
		{9772E736-2FEB-4090-B21E-6716E82E8BD2}.Debug|x86.ActiveCfg = Debug|Any CPU
		{9772E736-2FEB-4090-B21E-6716E82E8BD2}.Debug|x86.Build.0 = Debug|Any CPU
		{9772E736-2FEB-4090-B21E-6716E82E8BD2}.Release|Any CPU.ActiveCfg = Release|Any CPU
		{9772E736-2FEB-4090-B21E-6716E82E8BD2}.Release|Any CPU.Build.0 = Release|Any CPU
		{9772E736-2FEB-4090-B21E-6716E82E8BD2}.Release|x64.ActiveCfg = Release|Any CPU
		{9772E736-2FEB-4090-B21E-6716E82E8BD2}.Release|x64.Build.0 = Release|Any CPU
		{9772E736-2FEB-4090-B21E-6716E82E8BD2}.Release|x86.ActiveCfg = Release|Any CPU
		{9772E736-2FEB-4090-B21E-6716E82E8BD2}.Release|x86.Build.0 = Release|Any CPU
	EndGlobalSection
EndGlobal
